
Microsoft Visual Studio Solution File, Format Version 12.00
# Visual Studio Version 17
VisualStudioVersion = 17.4.33122.133
MinimumVisualStudioVersion = 10.0.40219.1
Project("{FAE04EC0-301F-11D3-BF4B-00C04F79EFBC}") = "symphonyz.Core", "src\symphonyz.Core\symphonyz.Core.csproj", "{AD7D047C-F344-4EAA-8E3A-7932365A593C}"
EndProject
Project("{FAE04EC0-301F-11D3-BF4B-00C04F79EFBC}") = "symphonyz.Tests", "src\symphonyz.Tests\symphonyz.Tests.csproj", "{FB3033CA-D9E7-4766-B368-036AC664359C}"
EndProject
Project("{FAE04EC0-301F-11D3-BF4B-00C04F79EFBC}") = "symphonyz.App", "symphonyz.App\symphonyz.App.csproj", "{09E9B874-D927-4CB6-A53A-2DCFE0ADDA0E}"
EndProject
Global
	GlobalSection(SolutionConfigurationPlatforms) = preSolution
		Debug|Any CPU = Debug|Any CPU
		Release|Any CPU = Release|Any CPU
	EndGlobalSection
	GlobalSection(ProjectConfigurationPlatforms) = postSolution
		{AD7D047C-F344-4EAA-8E3A-7932365A593C}.Debug|Any CPU.ActiveCfg = Debug|Any CPU
		{AD7D047C-F344-4EAA-8E3A-7932365A593C}.Debug|Any CPU.Build.0 = Debug|Any CPU
		{AD7D047C-F344-4EAA-8E3A-7932365A593C}.Release|Any CPU.ActiveCfg = Release|Any CPU
		{AD7D047C-F344-4EAA-8E3A-7932365A593C}.Release|Any CPU.Build.0 = Release|Any CPU
		{FB3033CA-D9E7-4766-B368-036AC664359C}.Debug|Any CPU.ActiveCfg = Debug|Any CPU
		{FB3033CA-D9E7-4766-B368-036AC664359C}.Debug|Any CPU.Build.0 = Debug|Any CPU
		{FB3033CA-D9E7-4766-B368-036AC664359C}.Release|Any CPU.ActiveCfg = Release|Any CPU
		{FB3033CA-D9E7-4766-B368-036AC664359C}.Release|Any CPU.Build.0 = Release|Any CPU
		{09E9B874-D927-4CB6-A53A-2DCFE0ADDA0E}.Debug|Any CPU.ActiveCfg = Debug|Any CPU
		{09E9B874-D927-4CB6-A53A-2DCFE0ADDA0E}.Debug|Any CPU.Build.0 = Debug|Any CPU
		{09E9B874-D927-4CB6-A53A-2DCFE0ADDA0E}.Release|Any CPU.ActiveCfg = Release|Any CPU
		{09E9B874-D927-4CB6-A53A-2DCFE0ADDA0E}.Release|Any CPU.Build.0 = Release|Any CPU
	EndGlobalSection
	GlobalSection(SolutionProperties) = preSolution
		HideSolutionNode = FALSE
	EndGlobalSection
	GlobalSection(NestedProjects) = preSolution
	EndGlobalSection
	GlobalSection(ExtensibilityGlobals) = postSolution
		SolutionGuid = {6F6CCE16-24A3-4B73-AF17-741260A60A5C}
	EndGlobalSection
EndGlobal
